
Microsoft Visual Studio Solution File, Format Version 12.00
# Visual Studio Version 17
VisualStudioVersion = 17.11.35208.52
MinimumVisualStudioVersion = 10.0.40219.1
Project("{FAE04EC0-301F-11D3-BF4B-00C04F79EFBC}") = "tarea_06_proyecto", "tarea_06_proyecto.csproj", "{77207A04-D1BB-415A-8BB7-6CBA1C267372}"
EndProject
Global
	GlobalSection(SolutionConfigurationPlatforms) = preSolution
		Debug|Any CPU = Debug|Any CPU
		Release|Any CPU = Release|Any CPU
	EndGlobalSection
	GlobalSection(ProjectConfigurationPlatforms) = postSolution
		{77207A04-D1BB-415A-8BB7-6CBA1C267372}.Debug|Any CPU.ActiveCfg = Debug|Any CPU
		{77207A04-D1BB-415A-8BB7-6CBA1C267372}.Debug|Any CPU.Build.0 = Debug|Any CPU
		{77207A04-D1BB-415A-8BB7-6CBA1C267372}.Release|Any CPU.ActiveCfg = Release|Any CPU
		{77207A04-D1BB-415A-8BB7-6CBA1C267372}.Release|Any CPU.Build.0 = Release|Any CPU
	EndGlobalSection
	GlobalSection(SolutionProperties) = preSolution
		HideSolutionNode = FALSE
	EndGlobalSection
	GlobalSection(ExtensibilityGlobals) = postSolution
		SolutionGuid = {195F25B3-598F-4DD5-8EA2-1D48488E5CFA}
	EndGlobalSection
EndGlobal
